
Microsoft Visual Studio Solution File, Format Version 12.00
# Visual Studio Version 17
VisualStudioVersion = 17.6.33723.286
MinimumVisualStudioVersion = 10.0.40219.1
Project("{FAE04EC0-301F-11D3-BF4B-00C04F79EFBC}") = "CollectionsPracticeApp", "CollectionsPracticeApp.csproj", "{36000FAC-52B1-4A8C-A48B-FE0941FCE801}"
EndProject
Global
	GlobalSection(SolutionConfigurationPlatforms) = preSolution
		Debug|Any CPU = Debug|Any CPU
		Release|Any CPU = Release|Any CPU
	EndGlobalSection
	GlobalSection(ProjectConfigurationPlatforms) = postSolution
		{36000FAC-52B1-4A8C-A48B-FE0941FCE801}.Debug|Any CPU.ActiveCfg = Debug|Any CPU
		{36000FAC-52B1-4A8C-A48B-FE0941FCE801}.Debug|Any CPU.Build.0 = Debug|Any CPU
		{36000FAC-52B1-4A8C-A48B-FE0941FCE801}.Release|Any CPU.ActiveCfg = Release|Any CPU
		{36000FAC-52B1-4A8C-A48B-FE0941FCE801}.Release|Any CPU.Build.0 = Release|Any CPU
	EndGlobalSection
	GlobalSection(SolutionProperties) = preSolution
		HideSolutionNode = FALSE
	EndGlobalSection
	GlobalSection(ExtensibilityGlobals) = postSolution
		SolutionGuid = {3D698306-E063-41CD-AECD-C8DE5E3AEB97}
	EndGlobalSection
EndGlobal
