
Microsoft Visual Studio Solution File, Format Version 12.00
# Visual Studio Version 17
VisualStudioVersion = 17.6.33723.286
MinimumVisualStudioVersion = 10.0.40219.1
Project("{FAE04EC0-301F-11D3-BF4B-00C04F79EFBC}") = "WebApplication1", "WebApplication1.csproj", "{ECE5A3BB-5BAD-4625-B8EE-86A2B3CD77B1}"
EndProject
Global
	GlobalSection(SolutionConfigurationPlatforms) = preSolution
		Debug|Any CPU = Debug|Any CPU
		Release|Any CPU = Release|Any CPU
	EndGlobalSection
	GlobalSection(ProjectConfigurationPlatforms) = postSolution
		{ECE5A3BB-5BAD-4625-B8EE-86A2B3CD77B1}.Debug|Any CPU.ActiveCfg = Debug|Any CPU
		{ECE5A3BB-5BAD-4625-B8EE-86A2B3CD77B1}.Debug|Any CPU.Build.0 = Debug|Any CPU
		{ECE5A3BB-5BAD-4625-B8EE-86A2B3CD77B1}.Release|Any CPU.ActiveCfg = Release|Any CPU
		{ECE5A3BB-5BAD-4625-B8EE-86A2B3CD77B1}.Release|Any CPU.Build.0 = Release|Any CPU
	EndGlobalSection
	GlobalSection(SolutionProperties) = preSolution
		HideSolutionNode = FALSE
	EndGlobalSection
	GlobalSection(ExtensibilityGlobals) = postSolution
		SolutionGuid = {65CD746C-9993-43C0-B442-3DAE8590826B}
	EndGlobalSection
EndGlobal
